{
  "object": {
    "pins": [
      {
        "package": "ios_system",
        "repositoryURL": "https://github.com/holzschu/ios_system.git",
        "state": {
          "branch": "master",
          "revision": "eb53c166cf13b17af64471881c448636384c83de",
          "version": null
        }
      }
    ]
  },
  "version": 1
}
