{
  "object": {
    "pins": [
      {
        "package": "ios_system",
        "repositoryURL": "https://github.com/holzschu/ios_system.git",
        "state": {
          "branch": "master",
          "revision": "602fc2506b2ff49514a9e00b176fde4e85c3f86f",
          "version": null
        }
      }
    ]
  },
  "version": 1
}
